{
  "originHash" : "baa0b973fbefb0747c90bc62032566824d4b5b3fc75eccacb8ab39c1a166b114",
  "pins" : [
    {
      "identity" : "swift-argument-parser",
      "kind" : "remoteSourceControl",
      "location" : "https://github.com/apple/swift-argument-parser",
      "state" : {
        "revision" : "6a52f3251125d74daf04fcbd5e6f08a75d074382",
        "version" : "1.8.2"
      }
    },
    {
      "identity" : "swiftterm",
      "kind" : "remoteSourceControl",
      "location" : "https://github.com/craigcallen/SwiftTerm",
      "state" : {
        "branch" : "termbar/overlay-scroller",
        "revision" : "7a8254a866f2f6c187def88cbca17622e3813cc1"
      }
    }
  ],
  "version" : 3
}
